
Microsoft Visual Studio Solution File, Format Version 12.00
# Visual Studio 15
VisualStudioVersion = 15.0.27130.2036
MinimumVisualStudioVersion = 10.0.40219.1
Project("{FAE04EC0-301F-11D3-BF4B-00C04F79EFBC}") = "Bank", "Bank\Bank.csproj", "{B15EEFDD-8CE4-4465-AE6B-04D3E9945F4C}"
EndProject
Global
	GlobalSection(SolutionConfigurationPlatforms) = preSolution
		Debug|Any CPU = Debug|Any CPU
		Release|Any CPU = Release|Any CPU
	EndGlobalSection
	GlobalSection(ProjectConfigurationPlatforms) = postSolution
		{B15EEFDD-8CE4-4465-AE6B-04D3E9945F4C}.Debug|Any CPU.ActiveCfg = Debug|Any CPU
		{B15EEFDD-8CE4-4465-AE6B-04D3E9945F4C}.Debug|Any CPU.Build.0 = Debug|Any CPU
		{B15EEFDD-8CE4-4465-AE6B-04D3E9945F4C}.Release|Any CPU.ActiveCfg = Release|Any CPU
		{B15EEFDD-8CE4-4465-AE6B-04D3E9945F4C}.Release|Any CPU.Build.0 = Release|Any CPU
	EndGlobalSection
	GlobalSection(SolutionProperties) = preSolution
		HideSolutionNode = FALSE
	EndGlobalSection
	GlobalSection(ExtensibilityGlobals) = postSolution
		SolutionGuid = {C5CB10F9-00CF-4713-B02A-B2693BEF76DB}
	EndGlobalSection
EndGlobal
